// !$*UTF8*$!
{
	archiveVersion = 1;
	classes = {
	};
	objectVersion = 51;
	objects = {

/* Begin PBXBuildFile section */
		8A4204AD85B4D3AC3588B652 /* Pods_KOFFII.framework in Frameworks */ = {isa = PBXBuildFile; fileRef = E0285450D2D979851A99E479 /* Pods_KOFFII.framework */; };
		B309008222D796CC00DE7662 /* CafeDetailViewController.swift in Sources */ = {isa = PBXBuildFile; fileRef = B309008122D796CC00DE7662 /* CafeDetailViewController.swift */; };
		B310BF982369BBC30065318C /* AddCoffeePlaceViewController.swift in Sources */ = {isa = PBXBuildFile; fileRef = B310BF972369BBC30065318C /* AddCoffeePlaceViewController.swift */; };
		B310BF9A2369D02B0065318C /* RoasterViewController.swift in Sources */ = {isa = PBXBuildFile; fileRef = B310BF992369D02B0065318C /* RoasterViewController.swift */; };
		B310BF9C2369D1A20065318C /* Roastery.swift in Sources */ = {isa = PBXBuildFile; fileRef = B310BF9B2369D1A20065318C /* Roastery.swift */; };
		B310BF9E2369D49A0065318C /* RoasterTableViewCell.swift in Sources */ = {isa = PBXBuildFile; fileRef = B310BF9D2369D49A0065318C /* RoasterTableViewCell.swift */; };
		B310BFA02369DB460065318C /* RoasterDetailViewController.swift in Sources */ = {isa = PBXBuildFile; fileRef = B310BF9F2369DB460065318C /* RoasterDetailViewController.swift */; };
		B316F619236984FA00D6BADF /* RoundButton.swift in Sources */ = {isa = PBXBuildFile; fileRef = B316F618236984FA00D6BADF /* RoundButton.swift */; };
		B316F61B236998BE00D6BADF /* LoginViewController.swift in Sources */ = {isa = PBXBuildFile; fileRef = B316F61A236998BE00D6BADF /* LoginViewController.swift */; };
		B3404A1622CD062200062B01 /* Staatliches-Regular.ttf in Resources */ = {isa = PBXBuildFile; fileRef = B3404A1522CD062100062B01 /* Staatliches-Regular.ttf */; };
		B3417F1D22DB9A0200E98C95 /* FavCafes.swift in Sources */ = {isa = PBXBuildFile; fileRef = B3417F1C22DB9A0200E98C95 /* FavCafes.swift */; };
		B34335C722C50501006CDBC1 /* Quicksand-Regular.ttf in Resources */ = {isa = PBXBuildFile; fileRef = B34335C622C50501006CDBC1 /* Quicksand-Regular.ttf */; };
		B34335C922C50509006CDBC1 /* Quicksand-Bold.ttf in Resources */ = {isa = PBXBuildFile; fileRef = B34335C822C50509006CDBC1 /* Quicksand-Bold.ttf */; };
		B36572C622CD36AF00C618BD /* InformationViewController.swift in Sources */ = {isa = PBXBuildFile; fileRef = B36572C522CD36AF00C618BD /* InformationViewController.swift */; };
		B36572C822CD3C4400C618BD /* InformationTableViewCell.swift in Sources */ = {isa = PBXBuildFile; fileRef = B36572C722CD3C4400C618BD /* InformationTableViewCell.swift */; };
		B367D57E22D39BFF0069F4D0 /* ComplainViewController.swift in Sources */ = {isa = PBXBuildFile; fileRef = B367D57D22D39BFF0069F4D0 /* ComplainViewController.swift */; };
		B367D58022D39C810069F4D0 /* ComplainTableViewCell.swift in Sources */ = {isa = PBXBuildFile; fileRef = B367D57F22D39C810069F4D0 /* ComplainTableViewCell.swift */; };
		B367D58222D3A7250069F4D0 /* Complain.swift in Sources */ = {isa = PBXBuildFile; fileRef = B367D58122D3A7250069F4D0 /* Complain.swift */; };
		B367D58422D4C5700069F4D0 /* KnowledgeViewController.swift in Sources */ = {isa = PBXBuildFile; fileRef = B367D58322D4C5700069F4D0 /* KnowledgeViewController.swift */; };
		B367D58622D4C7D00069F4D0 /* KnowledgeDetailTableViewCell.swift in Sources */ = {isa = PBXBuildFile; fileRef = B367D58522D4C7D00069F4D0 /* KnowledgeDetailTableViewCell.swift */; };
		B367D58E22D502CD0069F4D0 /* CityViewController.swift in Sources */ = {isa = PBXBuildFile; fileRef = B367D58D22D502CD0069F4D0 /* CityViewController.swift */; };
		B370A06D22D93200009C4CFA /* Message.swift in Sources */ = {isa = PBXBuildFile; fileRef = B370A06C22D93200009C4CFA /* Message.swift */; };
		B390EFC222D60F7300A931E9 /* City_CafeTableViewCell.swift in Sources */ = {isa = PBXBuildFile; fileRef = B390EFC122D60F7300A931E9 /* City_CafeTableViewCell.swift */; };
		B399DB8D22CE0EAC003C5EDD /* User.swift in Sources */ = {isa = PBXBuildFile; fileRef = B399DB8C22CE0EAC003C5EDD /* User.swift */; };
		B399DB8F22CE0FFA003C5EDD /* Information.swift in Sources */ = {isa = PBXBuildFile; fileRef = B399DB8E22CE0FFA003C5EDD /* Information.swift */; };
		B3AA7E5822C4F38B005848DA /* AppDelegate.swift in Sources */ = {isa = PBXBuildFile; fileRef = B3AA7E5722C4F38B005848DA /* AppDelegate.swift */; };
		B3AA7E5D22C4F38B005848DA /* Main.storyboard in Resources */ = {isa = PBXBuildFile; fileRef = B3AA7E5B22C4F38B005848DA /* Main.storyboard */; };
		B3AA7E5F22C4F38C005848DA /* Assets.xcassets in Resources */ = {isa = PBXBuildFile; fileRef = B3AA7E5E22C4F38C005848DA /* Assets.xcassets */; };
		B3AA7E6222C4F38C005848DA /* LaunchScreen.storyboard in Resources */ = {isa = PBXBuildFile; fileRef = B3AA7E6022C4F38C005848DA /* LaunchScreen.storyboard */; };
		B3AA7E6A22C4F877005848DA /* GoogleService-Info.plist in Resources */ = {isa = PBXBuildFile; fileRef = B3AA7E6922C4F877005848DA /* GoogleService-Info.plist */; };
		B3BCACDA22D8D7B800A4FEDF /* CustomMessageCell.swift in Sources */ = {isa = PBXBuildFile; fileRef = B3BCACD822D8D7B800A4FEDF /* CustomMessageCell.swift */; };
		B3BCACDB22D8D7B800A4FEDF /* CustomMessageCell.xib in Resources */ = {isa = PBXBuildFile; fileRef = B3BCACD922D8D7B800A4FEDF /* CustomMessageCell.xib */; };
		B3C589E922D553C5002C03A8 /* Cafe.swift in Sources */ = {isa = PBXBuildFile; fileRef = B3C589E822D553C5002C03A8 /* Cafe.swift */; };
		B3F62ECB22D0C371002DF68C /* BrewingDetailViewController.swift in Sources */ = {isa = PBXBuildFile; fileRef = B3F62ECA22D0C371002DF68C /* BrewingDetailViewController.swift */; };
		B3F62ED322D0C8FF002DF68C /* InformationDetailTableViewCell.swift in Sources */ = {isa = PBXBuildFile; fileRef = B3F62ED222D0C8FF002DF68C /* InformationDetailTableViewCell.swift */; };
		B3F62ED722D0CB37002DF68C /* HeaderView.swift in Sources */ = {isa = PBXBuildFile; fileRef = B3F62ED522D0CB37002DF68C /* HeaderView.swift */; };
		B3F62ED822D0CB37002DF68C /* HeaderView.xib in Resources */ = {isa = PBXBuildFile; fileRef = B3F62ED622D0CB37002DF68C /* HeaderView.xib */; };
		B3F62EDA22D0FFB6002DF68C /* Quicksand-Medium.ttf in Resources */ = {isa = PBXBuildFile; fileRef = B3F62ED922D0FFB6002DF68C /* Quicksand-Medium.ttf */; };
/* End PBXBuildFile section */

/* Begin PBXFileReference section */
		30FE85C24E46EE012AD52AF8 /* Pods-KOFFII.debug.xcconfig */ = {isa = PBXFileReference; includeInIndex = 1; lastKnownFileType = text.xcconfig; name = "Pods-KOFFII.debug.xcconfig"; path = "Target Support Files/Pods-KOFFII/Pods-KOFFII.debug.xcconfig"; sourceTree = "<group>"; };
		B309008122D796CC00DE7662 /* CafeDetailViewController.swift */ = {isa = PBXFileReference; lastKnownFileType = sourcecode.swift; name = CafeDetailViewController.swift; path = ../CafeDetailViewController.swift; sourceTree = "<group>"; };
		B310BF972369BBC30065318C /* AddCoffeePlaceViewController.swift */ = {isa = PBXFileReference; lastKnownFileType = sourcecode.swift; path = AddCoffeePlaceViewController.swift; sourceTree = "<group>"; };
		B310BF992369D02B0065318C /* RoasterViewController.swift */ = {isa = PBXFileReference; lastKnownFileType = sourcecode.swift; path = RoasterViewController.swift; sourceTree = "<group>"; };
		B310BF9B2369D1A20065318C /* Roastery.swift */ = {isa = PBXFileReference; lastKnownFileType = sourcecode.swift; path = Roastery.swift; sourceTree = "<group>"; };
		B310BF9D2369D49A0065318C /* RoasterTableViewCell.swift */ = {isa = PBXFileReference; lastKnownFileType = sourcecode.swift; path = RoasterTableViewCell.swift; sourceTree = "<group>"; };
		B310BF9F2369DB460065318C /* RoasterDetailViewController.swift */ = {isa = PBXFileReference; lastKnownFileType = sourcecode.swift; path = RoasterDetailViewController.swift; sourceTree = "<group>"; };
		B316F618236984FA00D6BADF /* RoundButton.swift */ = {isa = PBXFileReference; fileEncoding = 4; lastKnownFileType = sourcecode.swift; path = RoundButton.swift; sourceTree = "<group>"; };
		B316F61A236998BE00D6BADF /* LoginViewController.swift */ = {isa = PBXFileReference; lastKnownFileType = sourcecode.swift; path = LoginViewController.swift; sourceTree = "<group>"; };
		B3404A1522CD062100062B01 /* Staatliches-Regular.ttf */ = {isa = PBXFileReference; lastKnownFileType = file; path = "Staatliches-Regular.ttf"; sourceTree = "<group>"; };
		B3417F1C22DB9A0200E98C95 /* FavCafes.swift */ = {isa = PBXFileReference; lastKnownFileType = sourcecode.swift; path = FavCafes.swift; sourceTree = "<group>"; };
		B34335C622C50501006CDBC1 /* Quicksand-Regular.ttf */ = {isa = PBXFileReference; lastKnownFileType = file; path = "Quicksand-Regular.ttf"; sourceTree = "<group>"; };
		B34335C822C50509006CDBC1 /* Quicksand-Bold.ttf */ = {isa = PBXFileReference; lastKnownFileType = file; path = "Quicksand-Bold.ttf"; sourceTree = "<group>"; };
		B36572C522CD36AF00C618BD /* InformationViewController.swift */ = {isa = PBXFileReference; lastKnownFileType = sourcecode.swift; path = InformationViewController.swift; sourceTree = "<group>"; };
		B36572C722CD3C4400C618BD /* InformationTableViewCell.swift */ = {isa = PBXFileReference; lastKnownFileType = sourcecode.swift; path = InformationTableViewCell.swift; sourceTree = "<group>"; };
		B367D57D22D39BFF0069F4D0 /* ComplainViewController.swift */ = {isa = PBXFileReference; lastKnownFileType = sourcecode.swift; path = ComplainViewController.swift; sourceTree = "<group>"; };
		B367D57F22D39C810069F4D0 /* ComplainTableViewCell.swift */ = {isa = PBXFileReference; lastKnownFileType = sourcecode.swift; path = ComplainTableViewCell.swift; sourceTree = "<group>"; };
		B367D58122D3A7250069F4D0 /* Complain.swift */ = {isa = PBXFileReference; lastKnownFileType = sourcecode.swift; path = Complain.swift; sourceTree = "<group>"; };
		B367D58322D4C5700069F4D0 /* KnowledgeViewController.swift */ = {isa = PBXFileReference; lastKnownFileType = sourcecode.swift; path = KnowledgeViewController.swift; sourceTree = "<group>"; };
		B367D58522D4C7D00069F4D0 /* KnowledgeDetailTableViewCell.swift */ = {isa = PBXFileReference; lastKnownFileType = sourcecode.swift; path = KnowledgeDetailTableViewCell.swift; sourceTree = "<group>"; };
		B367D58D22D502CD0069F4D0 /* CityViewController.swift */ = {isa = PBXFileReference; lastKnownFileType = sourcecode.swift; path = CityViewController.swift; sourceTree = "<group>"; };
		B370A06C22D93200009C4CFA /* Message.swift */ = {isa = PBXFileReference; lastKnownFileType = sourcecode.swift; path = Message.swift; sourceTree = "<group>"; };
		B390EFC122D60F7300A931E9 /* City_CafeTableViewCell.swift */ = {isa = PBXFileReference; lastKnownFileType = sourcecode.swift; path = City_CafeTableViewCell.swift; sourceTree = "<group>"; };
		B399DB8C22CE0EAC003C5EDD /* User.swift */ = {isa = PBXFileReference; lastKnownFileType = sourcecode.swift; name = User.swift; path = "KOFFII/Supporting Files/User.swift"; sourceTree = SOURCE_ROOT; };
		B399DB8E22CE0FFA003C5EDD /* Information.swift */ = {isa = PBXFileReference; lastKnownFileType = sourcecode.swift; name = Information.swift; path = "KOFFII/Supporting Files/Information.swift"; sourceTree = SOURCE_ROOT; };
		B3AA7E5422C4F38B005848DA /* KOFFII Cologne.app */ = {isa = PBXFileReference; explicitFileType = wrapper.application; includeInIndex = 0; path = "KOFFII Cologne.app"; sourceTree = BUILT_PRODUCTS_DIR; };
		B3AA7E5722C4F38B005848DA /* AppDelegate.swift */ = {isa = PBXFileReference; lastKnownFileType = sourcecode.swift; path = AppDelegate.swift; sourceTree = "<group>"; };
		B3AA7E5C22C4F38B005848DA /* Base */ = {isa = PBXFileReference; lastKnownFileType = file.storyboard; name = Base; path = Base.lproj/Main.storyboard; sourceTree = "<group>"; };
		B3AA7E5E22C4F38C005848DA /* Assets.xcassets */ = {isa = PBXFileReference; lastKnownFileType = folder.assetcatalog; path = Assets.xcassets; sourceTree = "<group>"; };
		B3AA7E6122C4F38C005848DA /* Base */ = {isa = PBXFileReference; lastKnownFileType = file.storyboard; name = Base; path = Base.lproj/LaunchScreen.storyboard; sourceTree = "<group>"; };
		B3AA7E6322C4F38C005848DA /* Info.plist */ = {isa = PBXFileReference; lastKnownFileType = text.plist.xml; path = Info.plist; sourceTree = "<group>"; };
		B3AA7E6922C4F877005848DA /* GoogleService-Info.plist */ = {isa = PBXFileReference; fileEncoding = 4; lastKnownFileType = text.plist.xml; path = "GoogleService-Info.plist"; sourceTree = "<group>"; };
		B3BCACD822D8D7B800A4FEDF /* CustomMessageCell.swift */ = {isa = PBXFileReference; lastKnownFileType = sourcecode.swift; path = CustomMessageCell.swift; sourceTree = "<group>"; };
		B3BCACD922D8D7B800A4FEDF /* CustomMessageCell.xib */ = {isa = PBXFileReference; lastKnownFileType = file.xib; path = CustomMessageCell.xib; sourceTree = "<group>"; };
		B3C589E822D553C5002C03A8 /* Cafe.swift */ = {isa = PBXFileReference; lastKnownFileType = sourcecode.swift; path = Cafe.swift; sourceTree = "<group>"; };
		B3F62ECA22D0C371002DF68C /* BrewingDetailViewController.swift */ = {isa = PBXFileReference; lastKnownFileType = sourcecode.swift; path = BrewingDetailViewController.swift; sourceTree = "<group>"; };
		B3F62ED222D0C8FF002DF68C /* InformationDetailTableViewCell.swift */ = {isa = PBXFileReference; lastKnownFileType = sourcecode.swift; path = InformationDetailTableViewCell.swift; sourceTree = "<group>"; };
		B3F62ED522D0CB37002DF68C /* HeaderView.swift */ = {isa = PBXFileReference; lastKnownFileType = sourcecode.swift; path = HeaderView.swift; sourceTree = "<group>"; };
		B3F62ED622D0CB37002DF68C /* HeaderView.xib */ = {isa = PBXFileReference; lastKnownFileType = file.xib; path = HeaderView.xib; sourceTree = "<group>"; };
		B3F62ED922D0FFB6002DF68C /* Quicksand-Medium.ttf */ = {isa = PBXFileReference; lastKnownFileType = file; path = "Quicksand-Medium.ttf"; sourceTree = "<group>"; };
		B44913B6DE03803C9391F609 /* Pods-KOFFII.release.xcconfig */ = {isa = PBXFileReference; includeInIndex = 1; lastKnownFileType = text.xcconfig; name = "Pods-KOFFII.release.xcconfig"; path = "Target Support Files/Pods-KOFFII/Pods-KOFFII.release.xcconfig"; sourceTree = "<group>"; };
		E0285450D2D979851A99E479 /* Pods_KOFFII.framework */ = {isa = PBXFileReference; explicitFileType = wrapper.framework; includeInIndex = 0; path = Pods_KOFFII.framework; sourceTree = BUILT_PRODUCTS_DIR; };
/* End PBXFileReference section */

/* Begin PBXFrameworksBuildPhase section */
		B3AA7E5122C4F38B005848DA /* Frameworks */ = {
			isa = PBXFrameworksBuildPhase;
			buildActionMask = 2147483647;
			files = (
				8A4204AD85B4D3AC3588B652 /* Pods_KOFFII.framework in Frameworks */,
			);
			runOnlyForDeploymentPostprocessing = 0;
		};
/* End PBXFrameworksBuildPhase section */

/* Begin PBXGroup section */
		7DE5AA19BD4F92107B129CBD /* Pods */ = {
			isa = PBXGroup;
			children = (
				30FE85C24E46EE012AD52AF8 /* Pods-KOFFII.debug.xcconfig */,
				B44913B6DE03803C9391F609 /* Pods-KOFFII.release.xcconfig */,
			);
			path = Pods;
			sourceTree = "<group>";
		};
		B309008022D796A500DE7662 /* City_Cafes */ = {
			isa = PBXGroup;
			children = (
				B367D58D22D502CD0069F4D0 /* CityViewController.swift */,
				B390EFC122D60F7300A931E9 /* City_CafeTableViewCell.swift */,
				B310BF972369BBC30065318C /* AddCoffeePlaceViewController.swift */,
			);
			path = City_Cafes;
			sourceTree = "<group>";
		};
		B310BFA12369DBEB0065318C /* Roasteries */ = {
			isa = PBXGroup;
			children = (
				B310BF992369D02B0065318C /* RoasterViewController.swift */,
				B310BF9D2369D49A0065318C /* RoasterTableViewCell.swift */,
				B310BF9F2369DB460065318C /* RoasterDetailViewController.swift */,
			);
			path = Roasteries;
			sourceTree = "<group>";
		};
		B34335C522C504ED006CDBC1 /* Fonts */ = {
			isa = PBXGroup;
			children = (
				B3F62ED922D0FFB6002DF68C /* Quicksand-Medium.ttf */,
				B34335C622C50501006CDBC1 /* Quicksand-Regular.ttf */,
				B34335C822C50509006CDBC1 /* Quicksand-Bold.ttf */,
				B3404A1522CD062100062B01 /* Staatliches-Regular.ttf */,
			);
			path = Fonts;
			sourceTree = "<group>";
		};
		B367D58722D4EB1A0069F4D0 /* KnowledgeDetail */ = {
			isa = PBXGroup;
			children = (
				B367D58322D4C5700069F4D0 /* KnowledgeViewController.swift */,
				B367D58522D4C7D00069F4D0 /* KnowledgeDetailTableViewCell.swift */,
			);
			path = KnowledgeDetail;
			sourceTree = "<group>";
		};
		B367D58822D4F2D10069F4D0 /* Location */ = {
			isa = PBXGroup;
			children = (
				B309008022D796A500DE7662 /* City_Cafes */,
				B3BCACD722D8D3F000A4FEDF /* CafeDetail */,
			);
			path = Location;
			sourceTree = "<group>";
		};
		B385DA5D22C4FDD600BD8C88 /* Model */ = {
			isa = PBXGroup;
			children = (
				B399DB8C22CE0EAC003C5EDD /* User.swift */,
				B399DB8E22CE0FFA003C5EDD /* Information.swift */,
				B367D58122D3A7250069F4D0 /* Complain.swift */,
				B3C589E822D553C5002C03A8 /* Cafe.swift */,
				B370A06C22D93200009C4CFA /* Message.swift */,
				B3417F1C22DB9A0200E98C95 /* FavCafes.swift */,
				B310BF9B2369D1A20065318C /* Roastery.swift */,
			);
			path = Model;
			sourceTree = "<group>";
		};
		B385DA5E22C4FDE000BD8C88 /* View */ = {
			isa = PBXGroup;
			children = (
				B3AA7E6022C4F38C005848DA /* LaunchScreen.storyboard */,
				B3AA7E5B22C4F38B005848DA /* Main.storyboard */,
			);
			path = View;
			sourceTree = "<group>";
		};
		B385DA5F22C4FDE700BD8C88 /* Controller */ = {
			isa = PBXGroup;
			children = (
				B316F61A236998BE00D6BADF /* LoginViewController.swift */,
				B367D58822D4F2D10069F4D0 /* Location */,
				B399DB8B22CE081B003C5EDD /* Information */,
				B310BFA12369DBEB0065318C /* Roasteries */,
			);
			path = Controller;
			sourceTree = "<group>";
		};
		B385DA6022C4FE1B00BD8C88 /* Supporting Files */ = {
			isa = PBXGroup;
			children = (
				B34335C522C504ED006CDBC1 /* Fonts */,
				B3AA7E5722C4F38B005848DA /* AppDelegate.swift */,
				B316F618236984FA00D6BADF /* RoundButton.swift */,
				B3AA7E5E22C4F38C005848DA /* Assets.xcassets */,
				B3AA7E6322C4F38C005848DA /* Info.plist */,
				B3AA7E6922C4F877005848DA /* GoogleService-Info.plist */,
			);
			path = "Supporting Files";
			sourceTree = "<group>";
		};
		B399DB8B22CE081B003C5EDD /* Information */ = {
			isa = PBXGroup;
			children = (
				B36572C522CD36AF00C618BD /* InformationViewController.swift */,
				B36572C722CD3C4400C618BD /* InformationTableViewCell.swift */,
				B3F62ED422D0CADB002DF68C /* BrewingDetail */,
				B367D58722D4EB1A0069F4D0 /* KnowledgeDetail */,
			);
			path = Information;
			sourceTree = "<group>";
		};
		B3AA7E4B22C4F38B005848DA = {
			isa = PBXGroup;
			children = (
				B3AA7E5622C4F38B005848DA /* KOFFII */,
				B3AA7E5522C4F38B005848DA /* Products */,
				7DE5AA19BD4F92107B129CBD /* Pods */,
				BAD448F2EC118B531A034562 /* Frameworks */,
			);
			sourceTree = "<group>";
		};
		B3AA7E5522C4F38B005848DA /* Products */ = {
			isa = PBXGroup;
			children = (
				B3AA7E5422C4F38B005848DA /* KOFFII Cologne.app */,
			);
			name = Products;
			sourceTree = "<group>";
		};
		B3AA7E5622C4F38B005848DA /* KOFFII */ = {
			isa = PBXGroup;
			children = (
				B385DA5D22C4FDD600BD8C88 /* Model */,
				B385DA5E22C4FDE000BD8C88 /* View */,
				B385DA5F22C4FDE700BD8C88 /* Controller */,
				B385DA6022C4FE1B00BD8C88 /* Supporting Files */,
			);
			path = KOFFII;
			sourceTree = "<group>";
		};
		B3BCACD722D8D3F000A4FEDF /* CafeDetail */ = {
			isa = PBXGroup;
			children = (
				B309008122D796CC00DE7662 /* CafeDetailViewController.swift */,
				B3BCACD822D8D7B800A4FEDF /* CustomMessageCell.swift */,
				B3BCACD922D8D7B800A4FEDF /* CustomMessageCell.xib */,
			);
			path = CafeDetail;
			sourceTree = "<group>";
		};
		B3F62ED422D0CADB002DF68C /* BrewingDetail */ = {
			isa = PBXGroup;
			children = (
				B3F62ECA22D0C371002DF68C /* BrewingDetailViewController.swift */,
				B3F62ED222D0C8FF002DF68C /* InformationDetailTableViewCell.swift */,
				B3F62ED522D0CB37002DF68C /* HeaderView.swift */,
				B3F62ED622D0CB37002DF68C /* HeaderView.xib */,
				B367D57D22D39BFF0069F4D0 /* ComplainViewController.swift */,
				B367D57F22D39C810069F4D0 /* ComplainTableViewCell.swift */,
			);
			path = BrewingDetail;
			sourceTree = "<group>";
		};
		BAD448F2EC118B531A034562 /* Frameworks */ = {
			isa = PBXGroup;
			children = (
				E0285450D2D979851A99E479 /* Pods_KOFFII.framework */,
			);
			name = Frameworks;
			sourceTree = "<group>";
		};
/* End PBXGroup section */

/* Begin PBXNativeTarget section */
		B3AA7E5322C4F38B005848DA /* KOFFII */ = {
			isa = PBXNativeTarget;
			buildConfigurationList = B3AA7E6622C4F38C005848DA /* Build configuration list for PBXNativeTarget "KOFFII" */;
			buildPhases = (
				D4CF939A6B216106839CE895 /* [CP] Check Pods Manifest.lock */,
				B3AA7E5022C4F38B005848DA /* Sources */,
				B3AA7E5122C4F38B005848DA /* Frameworks */,
				B3AA7E5222C4F38B005848DA /* Resources */,
				CC83AC63C17D3EBB4448172F /* [CP] Embed Pods Frameworks */,
			);
			buildRules = (
			);
			dependencies = (
			);
			name = KOFFII;
			productName = KOFFII;
			productReference = B3AA7E5422C4F38B005848DA /* KOFFII Cologne.app */;
			productType = "com.apple.product-type.application";
		};
/* End PBXNativeTarget section */

/* Begin PBXProject section */
		B3AA7E4C22C4F38B005848DA /* Project object */ = {
			isa = PBXProject;
			attributes = {
				LastSwiftUpdateCheck = 1020;
				LastUpgradeCheck = 1020;
				ORGANIZATIONNAME = "Ümit Gül";
				TargetAttributes = {
					B3AA7E5322C4F38B005848DA = {
						CreatedOnToolsVersion = 10.2.1;
					};
				};
			};
			buildConfigurationList = B3AA7E4F22C4F38B005848DA /* Build configuration list for PBXProject "KOFFII" */;
			compatibilityVersion = "Xcode 9.3";
			developmentRegion = en;
			hasScannedForEncodings = 0;
			knownRegions = (
				en,
				Base,
			);
			mainGroup = B3AA7E4B22C4F38B005848DA;
			productRefGroup = B3AA7E5522C4F38B005848DA /* Products */;
			projectDirPath = "";
			projectRoot = "";
			targets = (
				B3AA7E5322C4F38B005848DA /* KOFFII */,
			);
		};
/* End PBXProject section */

/* Begin PBXResourcesBuildPhase section */
		B3AA7E5222C4F38B005848DA /* Resources */ = {
			isa = PBXResourcesBuildPhase;
			buildActionMask = 2147483647;
			files = (
				B3AA7E6A22C4F877005848DA /* GoogleService-Info.plist in Resources */,
				B34335C922C50509006CDBC1 /* Quicksand-Bold.ttf in Resources */,
				B3F62EDA22D0FFB6002DF68C /* Quicksand-Medium.ttf in Resources */,
				B3AA7E6222C4F38C005848DA /* LaunchScreen.storyboard in Resources */,
				B3F62ED822D0CB37002DF68C /* HeaderView.xib in Resources */,
				B3404A1622CD062200062B01 /* Staatliches-Regular.ttf in Resources */,
				B3AA7E5F22C4F38C005848DA /* Assets.xcassets in Resources */,
				B3AA7E5D22C4F38B005848DA /* Main.storyboard in Resources */,
				B3BCACDB22D8D7B800A4FEDF /* CustomMessageCell.xib in Resources */,
				B34335C722C50501006CDBC1 /* Quicksand-Regular.ttf in Resources */,
			);
			runOnlyForDeploymentPostprocessing = 0;
		};
/* End PBXResourcesBuildPhase section */

/* Begin PBXShellScriptBuildPhase section */
		CC83AC63C17D3EBB4448172F /* [CP] Embed Pods Frameworks */ = {
			isa = PBXShellScriptBuildPhase;
			buildActionMask = 2147483647;
			files = (
			);
			inputFileListPaths = (
				"${PODS_ROOT}/Target Support Files/Pods-KOFFII/Pods-KOFFII-frameworks-${CONFIGURATION}-input-files.xcfilelist",
			);
			name = "[CP] Embed Pods Frameworks";
			outputFileListPaths = (
				"${PODS_ROOT}/Target Support Files/Pods-KOFFII/Pods-KOFFII-frameworks-${CONFIGURATION}-output-files.xcfilelist",
			);
			runOnlyForDeploymentPostprocessing = 0;
			shellPath = /bin/sh;
			shellScript = "\"${PODS_ROOT}/Target Support Files/Pods-KOFFII/Pods-KOFFII-frameworks.sh\"\n";
			showEnvVarsInLog = 0;
		};
		D4CF939A6B216106839CE895 /* [CP] Check Pods Manifest.lock */ = {
			isa = PBXShellScriptBuildPhase;
			buildActionMask = 2147483647;
			files = (
			);
			inputFileListPaths = (
			);
			inputPaths = (
				"${PODS_PODFILE_DIR_PATH}/Podfile.lock",
				"${PODS_ROOT}/Manifest.lock",
			);
			name = "[CP] Check Pods Manifest.lock";
			outputFileListPaths = (
			);
			outputPaths = (
				"$(DERIVED_FILE_DIR)/Pods-KOFFII-checkManifestLockResult.txt",
			);
			runOnlyForDeploymentPostprocessing = 0;
			shellPath = /bin/sh;
			shellScript = "diff \"${PODS_PODFILE_DIR_PATH}/Podfile.lock\" \"${PODS_ROOT}/Manifest.lock\" > /dev/null\nif [ $? != 0 ] ; then\n    # print error to STDERR\n    echo \"error: The sandbox is not in sync with the Podfile.lock. Run 'pod install' or update your CocoaPods installation.\" >&2\n    exit 1\nfi\n# This output is used by Xcode 'outputs' to avoid re-running this script phase.\necho \"SUCCESS\" > \"${SCRIPT_OUTPUT_FILE_0}\"\n";
			showEnvVarsInLog = 0;
		};
/* End PBXShellScriptBuildPhase section */

/* Begin PBXSourcesBuildPhase section */
		B3AA7E5022C4F38B005848DA /* Sources */ = {
			isa = PBXSourcesBuildPhase;
			buildActionMask = 2147483647;
			files = (
				B316F619236984FA00D6BADF /* RoundButton.swift in Sources */,
				B36572C822CD3C4400C618BD /* InformationTableViewCell.swift in Sources */,
				B367D58022D39C810069F4D0 /* ComplainTableViewCell.swift in Sources */,
				B316F61B236998BE00D6BADF /* LoginViewController.swift in Sources */,
				B310BFA02369DB460065318C /* RoasterDetailViewController.swift in Sources */,
				B367D58422D4C5700069F4D0 /* KnowledgeViewController.swift in Sources */,
				B370A06D22D93200009C4CFA /* Message.swift in Sources */,
				B3AA7E5822C4F38B005848DA /* AppDelegate.swift in Sources */,
				B367D58222D3A7250069F4D0 /* Complain.swift in Sources */,
				B367D57E22D39BFF0069F4D0 /* ComplainViewController.swift in Sources */,
				B3C589E922D553C5002C03A8 /* Cafe.swift in Sources */,
				B3F62ED322D0C8FF002DF68C /* InformationDetailTableViewCell.swift in Sources */,
				B310BF9C2369D1A20065318C /* Roastery.swift in Sources */,
				B3417F1D22DB9A0200E98C95 /* FavCafes.swift in Sources */,
				B3F62ECB22D0C371002DF68C /* BrewingDetailViewController.swift in Sources */,
				B310BF9A2369D02B0065318C /* RoasterViewController.swift in Sources */,
				B390EFC222D60F7300A931E9 /* City_CafeTableViewCell.swift in Sources */,
				B309008222D796CC00DE7662 /* CafeDetailViewController.swift in Sources */,
				B3F62ED722D0CB37002DF68C /* HeaderView.swift in Sources */,
				B3BCACDA22D8D7B800A4FEDF /* CustomMessageCell.swift in Sources */,
				B36572C622CD36AF00C618BD /* InformationViewController.swift in Sources */,
				B310BF9E2369D49A0065318C /* RoasterTableViewCell.swift in Sources */,
				B399DB8D22CE0EAC003C5EDD /* User.swift in Sources */,
				B310BF982369BBC30065318C /* AddCoffeePlaceViewController.swift in Sources */,
				B399DB8F22CE0FFA003C5EDD /* Information.swift in Sources */,
				B367D58E22D502CD0069F4D0 /* CityViewController.swift in Sources */,
				B367D58622D4C7D00069F4D0 /* KnowledgeDetailTableViewCell.swift in Sources */,
			);
			runOnlyForDeploymentPostprocessing = 0;
		};
/* End PBXSourcesBuildPhase section */

/* Begin PBXVariantGroup section */
		B3AA7E5B22C4F38B005848DA /* Main.storyboard */ = {
			isa = PBXVariantGroup;
			children = (
				B3AA7E5C22C4F38B005848DA /* Base */,
			);
			name = Main.storyboard;
			sourceTree = "<group>";
		};
		B3AA7E6022C4F38C005848DA /* LaunchScreen.storyboard */ = {
			isa = PBXVariantGroup;
			children = (
				B3AA7E6122C4F38C005848DA /* Base */,
			);
			name = LaunchScreen.storyboard;
			sourceTree = "<group>";
		};
/* End PBXVariantGroup section */

/* Begin XCBuildConfiguration section */
		B3AA7E6422C4F38C005848DA /* Debug */ = {
			isa = XCBuildConfiguration;
			buildSettings = {
				ALWAYS_SEARCH_USER_PATHS = NO;
				CLANG_ANALYZER_NONNULL = YES;
				CLANG_ANALYZER_NUMBER_OBJECT_CONVERSION = YES_AGGRESSIVE;
				CLANG_CXX_LANGUAGE_STANDARD = "gnu++14";
				CLANG_CXX_LIBRARY = "libc++";
				CLANG_ENABLE_MODULES = YES;
				CLANG_ENABLE_OBJC_ARC = YES;
				CLANG_ENABLE_OBJC_WEAK = YES;
				CLANG_WARN_BLOCK_CAPTURE_AUTORELEASING = YES;
				CLANG_WARN_BOOL_CONVERSION = YES;
				CLANG_WARN_COMMA = YES;
				CLANG_WARN_CONSTANT_CONVERSION = YES;
				CLANG_WARN_DEPRECATED_OBJC_IMPLEMENTATIONS = YES;
				CLANG_WARN_DIRECT_OBJC_ISA_USAGE = YES_ERROR;
				CLANG_WARN_DOCUMENTATION_COMMENTS = YES;
				CLANG_WARN_EMPTY_BODY = YES;
				CLANG_WARN_ENUM_CONVERSION = YES;
				CLANG_WARN_INFINITE_RECURSION = YES;
				CLANG_WARN_INT_CONVERSION = YES;
				CLANG_WARN_NON_LITERAL_NULL_CONVERSION = YES;
				CLANG_WARN_OBJC_IMPLICIT_RETAIN_SELF = YES;
				CLANG_WARN_OBJC_LITERAL_CONVERSION = YES;
				CLANG_WARN_OBJC_ROOT_CLASS = YES_ERROR;
				CLANG_WARN_RANGE_LOOP_ANALYSIS = YES;
				CLANG_WARN_STRICT_PROTOTYPES = YES;
				CLANG_WARN_SUSPICIOUS_MOVE = YES;
				CLANG_WARN_UNGUARDED_AVAILABILITY = YES_AGGRESSIVE;
				CLANG_WARN_UNREACHABLE_CODE = YES;
				CLANG_WARN__DUPLICATE_METHOD_MATCH = YES;
				CODE_SIGN_IDENTITY = "iPhone Developer";
				COPY_PHASE_STRIP = NO;
				DEBUG_INFORMATION_FORMAT = dwarf;
				ENABLE_STRICT_OBJC_MSGSEND = YES;
				ENABLE_TESTABILITY = YES;
				GCC_C_LANGUAGE_STANDARD = gnu11;
				GCC_DYNAMIC_NO_PIC = NO;
				GCC_NO_COMMON_BLOCKS = YES;
				GCC_OPTIMIZATION_LEVEL = 0;
				GCC_PREPROCESSOR_DEFINITIONS = (
					"DEBUG=1",
					"$(inherited)",
				);
				GCC_WARN_64_TO_32_BIT_CONVERSION = YES;
				GCC_WARN_ABOUT_RETURN_TYPE = YES_ERROR;
				GCC_WARN_UNDECLARED_SELECTOR = YES;
				GCC_WARN_UNINITIALIZED_AUTOS = YES_AGGRESSIVE;
				GCC_WARN_UNUSED_FUNCTION = YES;
				GCC_WARN_UNUSED_VARIABLE = YES;
				IPHONEOS_DEPLOYMENT_TARGET = 12.2;
				MTL_ENABLE_DEBUG_INFO = INCLUDE_SOURCE;
				MTL_FAST_MATH = YES;
				ONLY_ACTIVE_ARCH = YES;
				SDKROOT = iphoneos;
				SWIFT_ACTIVE_COMPILATION_CONDITIONS = DEBUG;
				SWIFT_OPTIMIZATION_LEVEL = "-Onone";
			};
			name = Debug;
		};
		B3AA7E6522C4F38C005848DA /* Release */ = {
			isa = XCBuildConfiguration;
			buildSettings = {
				ALWAYS_SEARCH_USER_PATHS = NO;
				CLANG_ANALYZER_NONNULL = YES;
				CLANG_ANALYZER_NUMBER_OBJECT_CONVERSION = YES_AGGRESSIVE;
				CLANG_CXX_LANGUAGE_STANDARD = "gnu++14";
				CLANG_CXX_LIBRARY = "libc++";
				CLANG_ENABLE_MODULES = YES;
				CLANG_ENABLE_OBJC_ARC = YES;
				CLANG_ENABLE_OBJC_WEAK = YES;
				CLANG_WARN_BLOCK_CAPTURE_AUTORELEASING = YES;
				CLANG_WARN_BOOL_CONVERSION = YES;
				CLANG_WARN_COMMA = YES;
				CLANG_WARN_CONSTANT_CONVERSION = YES;
				CLANG_WARN_DEPRECATED_OBJC_IMPLEMENTATIONS = YES;
				CLANG_WARN_DIRECT_OBJC_ISA_USAGE = YES_ERROR;
				CLANG_WARN_DOCUMENTATION_COMMENTS = YES;
				CLANG_WARN_EMPTY_BODY = YES;
				CLANG_WARN_ENUM_CONVERSION = YES;
				CLANG_WARN_INFINITE_RECURSION = YES;
				CLANG_WARN_INT_CONVERSION = YES;
				CLANG_WARN_NON_LITERAL_NULL_CONVERSION = YES;
				CLANG_WARN_OBJC_IMPLICIT_RETAIN_SELF = YES;
				CLANG_WARN_OBJC_LITERAL_CONVERSION = YES;
				CLANG_WARN_OBJC_ROOT_CLASS = YES_ERROR;
				CLANG_WARN_RANGE_LOOP_ANALYSIS = YES;
				CLANG_WARN_STRICT_PROTOTYPES = YES;
				CLANG_WARN_SUSPICIOUS_MOVE = YES;
				CLANG_WARN_UNGUARDED_AVAILABILITY = YES_AGGRESSIVE;
				CLANG_WARN_UNREACHABLE_CODE = YES;
				CLANG_WARN__DUPLICATE_METHOD_MATCH = YES;
				CODE_SIGN_IDENTITY = "iPhone Developer";
				COPY_PHASE_STRIP = NO;
				DEBUG_INFORMATION_FORMAT = "dwarf-with-dsym";
				ENABLE_NS_ASSERTIONS = NO;
				ENABLE_STRICT_OBJC_MSGSEND = YES;
				GCC_C_LANGUAGE_STANDARD = gnu11;
				GCC_NO_COMMON_BLOCKS = YES;
				GCC_WARN_64_TO_32_BIT_CONVERSION = YES;
				GCC_WARN_ABOUT_RETURN_TYPE = YES_ERROR;
				GCC_WARN_UNDECLARED_SELECTOR = YES;
				GCC_WARN_UNINITIALIZED_AUTOS = YES_AGGRESSIVE;
				GCC_WARN_UNUSED_FUNCTION = YES;
				GCC_WARN_UNUSED_VARIABLE = YES;
				IPHONEOS_DEPLOYMENT_TARGET = 12.2;
				MTL_ENABLE_DEBUG_INFO = NO;
				MTL_FAST_MATH = YES;
				SDKROOT = iphoneos;
				SWIFT_COMPILATION_MODE = wholemodule;
				SWIFT_OPTIMIZATION_LEVEL = "-O";
				VALIDATE_PRODUCT = YES;
			};
			name = Release;
		};
		B3AA7E6722C4F38C005848DA /* Debug */ = {
			isa = XCBuildConfiguration;
			baseConfigurationReference = 30FE85C24E46EE012AD52AF8 /* Pods-KOFFII.debug.xcconfig */;
			buildSettings = {
				ASSETCATALOG_COMPILER_APPICON_NAME = AppIcon;
				CODE_SIGN_STYLE = Automatic;
				CURRENT_PROJECT_VERSION = 2;
				DEVELOPMENT_TEAM = YLGTKU7SLK;
				INFOPLIST_FILE = "$(SRCROOT)/KOFFII/Supporting Files/Info.plist";
				LD_RUNPATH_SEARCH_PATHS = (
					"$(inherited)",
					"@executable_path/Frameworks",
				);
				MARKETING_VERSION = 4.0;
				PRODUCT_BUNDLE_IDENTIFIER = com.quechup.KOFFII;
				PRODUCT_NAME = "KOFFII Cologne";
				SWIFT_VERSION = 5.0;
				TARGETED_DEVICE_FAMILY = 1;
			};
			name = Debug;
		};
		B3AA7E6822C4F38C005848DA /* Release */ = {
			isa = XCBuildConfiguration;
			baseConfigurationReference = B44913B6DE03803C9391F609 /* Pods-KOFFII.release.xcconfig */;
			buildSettings = {
				ASSETCATALOG_COMPILER_APPICON_NAME = AppIcon;
				CODE_SIGN_STYLE = Automatic;
				CURRENT_PROJECT_VERSION = 2;
				DEVELOPMENT_TEAM = YLGTKU7SLK;
				INFOPLIST_FILE = "$(SRCROOT)/KOFFII/Supporting Files/Info.plist";
				LD_RUNPATH_SEARCH_PATHS = (
					"$(inherited)",
					"@executable_path/Frameworks",
				);
				MARKETING_VERSION = 4.0;
				PRODUCT_BUNDLE_IDENTIFIER = com.quechup.KOFFII;
				PRODUCT_NAME = "KOFFII Cologne";
				SWIFT_VERSION = 5.0;
				TARGETED_DEVICE_FAMILY = 1;
			};
			name = Release;
		};
/* End XCBuildConfiguration section */

/* Begin XCConfigurationList section */
		B3AA7E4F22C4F38B005848DA /* Build configuration list for PBXProject "KOFFII" */ = {
			isa = XCConfigurationList;
			buildConfigurations = (
				B3AA7E6422C4F38C005848DA /* Debug */,
				B3AA7E6522C4F38C005848DA /* Release */,
			);
			defaultConfigurationIsVisible = 0;
			defaultConfigurationName = Release;
		};
		B3AA7E6622C4F38C005848DA /* Build configuration list for PBXNativeTarget "KOFFII" */ = {
			isa = XCConfigurationList;
			buildConfigurations = (
				B3AA7E6722C4F38C005848DA /* Debug */,
				B3AA7E6822C4F38C005848DA /* Release */,
			);
			defaultConfigurationIsVisible = 0;
			defaultConfigurationName = Release;
		};
/* End XCConfigurationList section */
	};
	rootObject = B3AA7E4C22C4F38B005848DA /* Project object */;
}
